{
  "lockfile_version": "1",
  "packages": {
    "go@1.22.6": {
      "last_modified": "2024-08-31T10:12:23Z",
      "resolved": "github:NixOS/nixpkgs/5629520edecb69630a3f4d17d3d33fc96c13f6fe#go",
      "source": "devbox-search",
      "version": "1.22.6",
      "systems": {
        "aarch64-darwin": {
          "outputs": [
            {
              "name": "out",
              "path": "/nix/store/bman2jjx2ykfclj3g0wb89cxyzqygh8y-go-1.22.6",
              "default": true
            }
          ],
          "store_path": "/nix/store/bman2jjx2ykfclj3g0wb89cxyzqygh8y-go-1.22.6"
        },
        "aarch64-linux": {
          "outputs": [
            {
              "name": "out",
              "path": "/nix/store/gnm672jywl1b778ql6pf57xka45452b6-go-1.22.6",
              "default": true
            }
          ],
          "store_path": "/nix/store/gnm672jywl1b778ql6pf57xka45452b6-go-1.22.6"
        },
        "x86_64-darwin": {
          "outputs": [
            {
              "name": "out",
              "path": "/nix/store/qvr3slzx5av20xkw6i97yz7wla9sf4nc-go-1.22.6",
              "default": true
            }
          ],
          "store_path": "/nix/store/qvr3slzx5av20xkw6i97yz7wla9sf4nc-go-1.22.6"
        },
        "x86_64-linux": {
          "outputs": [
            {
              "name": "out",
              "path": "/nix/store/6rybf4g5b77kz27k07avr7qd44ssw3l2-go-1.22.6",
              "default": true
            }
          ],
          "store_path": "/nix/store/6rybf4g5b77kz27k07avr7qd44ssw3l2-go-1.22.6"
        }
      }
    }
  }
}
